
Microsoft Visual Studio Solution File, Format Version 12.00
# Visual Studio Version 17
VisualStudioVersion = 17.5.33530.505
MinimumVisualStudioVersion = 10.0.40219.1
Project("{FAE04EC0-301F-11D3-BF4B-00C04F79EFBC}") = "RMS_TINGY", "RMS_TINGY.csproj", "{CC7B56F6-BD3E-43A6-858E-985DB4F74BB9}"
EndProject
Global
	GlobalSection(SolutionConfigurationPlatforms) = preSolution
		Debug|Any CPU = Debug|Any CPU
		Release|Any CPU = Release|Any CPU
	EndGlobalSection
	GlobalSection(ProjectConfigurationPlatforms) = postSolution
		{CC7B56F6-BD3E-43A6-858E-985DB4F74BB9}.Debug|Any CPU.ActiveCfg = Debug|Any CPU
		{CC7B56F6-BD3E-43A6-858E-985DB4F74BB9}.Debug|Any CPU.Build.0 = Debug|Any CPU
		{CC7B56F6-BD3E-43A6-858E-985DB4F74BB9}.Release|Any CPU.ActiveCfg = Release|Any CPU
		{CC7B56F6-BD3E-43A6-858E-985DB4F74BB9}.Release|Any CPU.Build.0 = Release|Any CPU
	EndGlobalSection
	GlobalSection(SolutionProperties) = preSolution
		HideSolutionNode = FALSE
	EndGlobalSection
	GlobalSection(ExtensibilityGlobals) = postSolution
		SolutionGuid = {CC95F924-CE4A-4CD2-B09F-055251635EFB}
	EndGlobalSection
EndGlobal
